
Microsoft Visual Studio Solution File, Format Version 12.00
# Visual Studio Version 17
VisualStudioVersion = 17.11.35219.272
MinimumVisualStudioVersion = 10.0.40219.1
Project("{FAE04EC0-301F-11D3-BF4B-00C04F79EFBC}") = "Microsoft.MongoDbBridge.Client", "Microsoft.MongoDbBridge.Client\Microsoft.MongoDbBridge.Client.csproj", "{640E5598-7F2E-4FF9-855D-261AFDD59974}"
EndProject
Project("{FAE04EC0-301F-11D3-BF4B-00C04F79EFBC}") = "TestProject", "TestProject\TestProject.csproj", "{807B797D-82CE-49B1-AAF1-7CC3EC39C1F9}"
EndProject
Global
	GlobalSection(SolutionConfigurationPlatforms) = preSolution
		Debug|Any CPU = Debug|Any CPU
		Release|Any CPU = Release|Any CPU
	EndGlobalSection
	GlobalSection(ProjectConfigurationPlatforms) = postSolution
		{640E5598-7F2E-4FF9-855D-261AFDD59974}.Debug|Any CPU.ActiveCfg = Debug|Any CPU
		{640E5598-7F2E-4FF9-855D-261AFDD59974}.Debug|Any CPU.Build.0 = Debug|Any CPU
		{640E5598-7F2E-4FF9-855D-261AFDD59974}.Release|Any CPU.ActiveCfg = Release|Any CPU
		{640E5598-7F2E-4FF9-855D-261AFDD59974}.Release|Any CPU.Build.0 = Release|Any CPU
		{807B797D-82CE-49B1-AAF1-7CC3EC39C1F9}.Debug|Any CPU.ActiveCfg = Debug|Any CPU
		{807B797D-82CE-49B1-AAF1-7CC3EC39C1F9}.Debug|Any CPU.Build.0 = Debug|Any CPU
		{807B797D-82CE-49B1-AAF1-7CC3EC39C1F9}.Release|Any CPU.ActiveCfg = Release|Any CPU
		{807B797D-82CE-49B1-AAF1-7CC3EC39C1F9}.Release|Any CPU.Build.0 = Release|Any CPU
	EndGlobalSection
	GlobalSection(SolutionProperties) = preSolution
		HideSolutionNode = FALSE
	EndGlobalSection
	GlobalSection(ExtensibilityGlobals) = postSolution
		SolutionGuid = {FD150CAB-BB1D-46C6-ADEF-44D7AF9A5E99}
	EndGlobalSection
EndGlobal
